// !$*UTF8*$!
{
	archiveVersion = 1;
	classes = {
	};
	objectVersion = 50;
	objects = {

/* Begin PBXBuildFile section */
		79874AF417CC877D15F3DB11 /* Pods_Tumolink2iOSClient.framework in Frameworks */ = {isa = PBXBuildFile; fileRef = D6830A79D55BA4E537A66ADC /* Pods_Tumolink2iOSClient.framework */; };
		D114A6B823AF658700EE0B2E /* DeleteUserVC.swift in Sources */ = {isa = PBXBuildFile; fileRef = D114A6B723AF658700EE0B2E /* DeleteUserVC.swift */; };
		D114A6BA23AFA60200EE0B2E /* CircleViews.swift in Sources */ = {isa = PBXBuildFile; fileRef = D114A6B923AFA60200EE0B2E /* CircleViews.swift */; };
		D116B52F23ACC5F8006CBB3A /* EditUserVC.swift in Sources */ = {isa = PBXBuildFile; fileRef = D116B52E23ACC5F7006CBB3A /* EditUserVC.swift */; };
		D118084023969E87006EA889 /* RoundedViews.swift in Sources */ = {isa = PBXBuildFile; fileRef = D118083F23969E87006EA889 /* RoundedViews.swift */; };
		D129CE5A23C4152E003ACEE2 /* Information.swift in Sources */ = {isa = PBXBuildFile; fileRef = D129CE5923C4152E003ACEE2 /* Information.swift */; };
		D129CE5C23C56DEF003ACEE2 /* SpotUser.swift in Sources */ = {isa = PBXBuildFile; fileRef = D129CE5B23C56DEF003ACEE2 /* SpotUser.swift */; };
		D14E3E6723A35ACF00978AFC /* SpotVC.swift in Sources */ = {isa = PBXBuildFile; fileRef = D14E3E6623A35ACF00978AFC /* SpotVC.swift */; };
		D14E3E6A23A3659200978AFC /* SpotImageCell.swift in Sources */ = {isa = PBXBuildFile; fileRef = D14E3E6823A3659200978AFC /* SpotImageCell.swift */; };
		D14E3E6B23A3659200978AFC /* SpotImageCell.xib in Resources */ = {isa = PBXBuildFile; fileRef = D14E3E6923A3659200978AFC /* SpotImageCell.xib */; };
		D15EABF123B3501400A42D5D /* TumoliCell.swift in Sources */ = {isa = PBXBuildFile; fileRef = D15EABEF23B3501400A42D5D /* TumoliCell.swift */; };
		D15EABF223B3501400A42D5D /* TumoliCell.xib in Resources */ = {isa = PBXBuildFile; fileRef = D15EABF023B3501400A42D5D /* TumoliCell.xib */; };
		D15EABF423B352B300A42D5D /* Tumoli.swift in Sources */ = {isa = PBXBuildFile; fileRef = D15EABF323B352B300A42D5D /* Tumoli.swift */; };
		D1896E1C2390F30B004EC82A /* AppDelegate.swift in Sources */ = {isa = PBXBuildFile; fileRef = D1896E1B2390F30B004EC82A /* AppDelegate.swift */; };
		D1896E1E2390F30B004EC82A /* HomeVC.swift in Sources */ = {isa = PBXBuildFile; fileRef = D1896E1D2390F30B004EC82A /* HomeVC.swift */; };
		D1896E212390F30B004EC82A /* Main.storyboard in Resources */ = {isa = PBXBuildFile; fileRef = D1896E1F2390F30B004EC82A /* Main.storyboard */; };
		D1896E232390F30D004EC82A /* Assets.xcassets in Resources */ = {isa = PBXBuildFile; fileRef = D1896E222390F30D004EC82A /* Assets.xcassets */; };
		D1896E262390F30D004EC82A /* LaunchScreen.storyboard in Resources */ = {isa = PBXBuildFile; fileRef = D1896E242390F30D004EC82A /* LaunchScreen.storyboard */; };
		D18D7F7C23A0806D0085B8B9 /* ForgotPasswordVC.swift in Sources */ = {isa = PBXBuildFile; fileRef = D18D7F7A23A0806D0085B8B9 /* ForgotPasswordVC.swift */; };
		D18D7F7D23A0806D0085B8B9 /* ForgotPasswordVC.xib in Resources */ = {isa = PBXBuildFile; fileRef = D18D7F7B23A0806D0085B8B9 /* ForgotPasswordVC.xib */; };
		D18D7F7F23A08D100085B8B9 /* Firebase+Utils.swift in Sources */ = {isa = PBXBuildFile; fileRef = D18D7F7E23A08D100085B8B9 /* Firebase+Utils.swift */; };
		D1902D5C23A7639C00822D9D /* User.swift in Sources */ = {isa = PBXBuildFile; fileRef = D1902D5B23A7639C00822D9D /* User.swift */; };
		D1902D5F23A7682300822D9D /* UserService.swift in Sources */ = {isa = PBXBuildFile; fileRef = D1902D5E23A7682300822D9D /* UserService.swift */; };
		D193677C2391FAE80000B652 /* LoginStoryboard.storyboard in Resources */ = {isa = PBXBuildFile; fileRef = D193677B2391FAE80000B652 /* LoginStoryboard.storyboard */; };
		D1BBF96923A1D38D003C7D61 /* Home.storyboard in Resources */ = {isa = PBXBuildFile; fileRef = D1BBF96823A1D38D003C7D61 /* Home.storyboard */; };
		D1BBF96B23A1D629003C7D61 /* MyPage.storyboard in Resources */ = {isa = PBXBuildFile; fileRef = D1BBF96A23A1D629003C7D61 /* MyPage.storyboard */; };
		D1BBF97023A22E12003C7D61 /* SpotCell.swift in Sources */ = {isa = PBXBuildFile; fileRef = D1BBF96E23A22E12003C7D61 /* SpotCell.swift */; };
		D1BBF97123A22E12003C7D61 /* SpotCell.xib in Resources */ = {isa = PBXBuildFile; fileRef = D1BBF96F23A22E12003C7D61 /* SpotCell.xib */; };
		D1BBF97323A2330E003C7D61 /* Spot.swift in Sources */ = {isa = PBXBuildFile; fileRef = D1BBF97223A2330E003C7D61 /* Spot.swift */; };
		D1CC783C23A479C000CD9D7B /* Information.storyboard in Resources */ = {isa = PBXBuildFile; fileRef = D1CC783B23A479C000CD9D7B /* Information.storyboard */; };
		D1CC783E23A48BF000CD9D7B /* CreateSpotVC.swift in Sources */ = {isa = PBXBuildFile; fileRef = D1CC783D23A48BF000CD9D7B /* CreateSpotVC.swift */; };
		D1D6DC4523B72E5900AAE0B5 /* AddTumoliVC.swift in Sources */ = {isa = PBXBuildFile; fileRef = D1D6DC4323B72E5900AAE0B5 /* AddTumoliVC.swift */; };
		D1D6DC4623B72E5900AAE0B5 /* AddTumoliVC.xib in Resources */ = {isa = PBXBuildFile; fileRef = D1D6DC4423B72E5900AAE0B5 /* AddTumoliVC.xib */; };
		D1E4C9F42394DCB700272C5F /* GoogleService-Info.plist in Resources */ = {isa = PBXBuildFile; fileRef = D1E4C9F32394DCB700272C5F /* GoogleService-Info.plist */; };
		D1E4C9FA2394E59200272C5F /* LoginVC.swift in Sources */ = {isa = PBXBuildFile; fileRef = D1E4C9F92394E59200272C5F /* LoginVC.swift */; };
		D1E4C9FC2394E5B800272C5F /* RegisterVC.swift in Sources */ = {isa = PBXBuildFile; fileRef = D1E4C9FB2394E5B800272C5F /* RegisterVC.swift */; };
		D1E4C9FF2394F2D900272C5F /* Extensions.swift in Sources */ = {isa = PBXBuildFile; fileRef = D1E4C9FE2394F2D900272C5F /* Extensions.swift */; };
		D1E4CA012395084800272C5F /* Constants.swift in Sources */ = {isa = PBXBuildFile; fileRef = D1E4CA002395084800272C5F /* Constants.swift */; };
		D1FF02FC23AA1D06003AD9D4 /* MyPageVC.swift in Sources */ = {isa = PBXBuildFile; fileRef = D1FF02FB23AA1D06003AD9D4 /* MyPageVC.swift */; };
/* End PBXBuildFile section */

/* Begin PBXFileReference section */
		63344A8FDD8C1DFA9AAFE53E /* Pods-Tumolink2iOSClient.release.xcconfig */ = {isa = PBXFileReference; includeInIndex = 1; lastKnownFileType = text.xcconfig; name = "Pods-Tumolink2iOSClient.release.xcconfig"; path = "Target Support Files/Pods-Tumolink2iOSClient/Pods-Tumolink2iOSClient.release.xcconfig"; sourceTree = "<group>"; };
		790934C17713D698442F667E /* Pods-Tumolink2iOSClient.debug.xcconfig */ = {isa = PBXFileReference; includeInIndex = 1; lastKnownFileType = text.xcconfig; name = "Pods-Tumolink2iOSClient.debug.xcconfig"; path = "Target Support Files/Pods-Tumolink2iOSClient/Pods-Tumolink2iOSClient.debug.xcconfig"; sourceTree = "<group>"; };
		D114A6B723AF658700EE0B2E /* DeleteUserVC.swift */ = {isa = PBXFileReference; lastKnownFileType = sourcecode.swift; path = DeleteUserVC.swift; sourceTree = "<group>"; };
		D114A6B923AFA60200EE0B2E /* CircleViews.swift */ = {isa = PBXFileReference; lastKnownFileType = sourcecode.swift; path = CircleViews.swift; sourceTree = "<group>"; };
		D116B52E23ACC5F7006CBB3A /* EditUserVC.swift */ = {isa = PBXFileReference; lastKnownFileType = sourcecode.swift; path = EditUserVC.swift; sourceTree = "<group>"; };
		D118083F23969E87006EA889 /* RoundedViews.swift */ = {isa = PBXFileReference; lastKnownFileType = sourcecode.swift; path = RoundedViews.swift; sourceTree = "<group>"; };
		D129CE5923C4152E003ACEE2 /* Information.swift */ = {isa = PBXFileReference; lastKnownFileType = sourcecode.swift; path = Information.swift; sourceTree = "<group>"; };
		D129CE5B23C56DEF003ACEE2 /* SpotUser.swift */ = {isa = PBXFileReference; lastKnownFileType = sourcecode.swift; path = SpotUser.swift; sourceTree = "<group>"; };
		D14E3E6623A35ACF00978AFC /* SpotVC.swift */ = {isa = PBXFileReference; lastKnownFileType = sourcecode.swift; path = SpotVC.swift; sourceTree = "<group>"; };
		D14E3E6823A3659200978AFC /* SpotImageCell.swift */ = {isa = PBXFileReference; lastKnownFileType = sourcecode.swift; path = SpotImageCell.swift; sourceTree = "<group>"; };
		D14E3E6923A3659200978AFC /* SpotImageCell.xib */ = {isa = PBXFileReference; lastKnownFileType = file.xib; path = SpotImageCell.xib; sourceTree = "<group>"; };
		D15EABEF23B3501400A42D5D /* TumoliCell.swift */ = {isa = PBXFileReference; lastKnownFileType = sourcecode.swift; path = TumoliCell.swift; sourceTree = "<group>"; };
		D15EABF023B3501400A42D5D /* TumoliCell.xib */ = {isa = PBXFileReference; lastKnownFileType = file.xib; path = TumoliCell.xib; sourceTree = "<group>"; };
		D15EABF323B352B300A42D5D /* Tumoli.swift */ = {isa = PBXFileReference; lastKnownFileType = sourcecode.swift; path = Tumoli.swift; sourceTree = "<group>"; };
		D1896E182390F30B004EC82A /* Tumolink2iOSClient.app */ = {isa = PBXFileReference; explicitFileType = wrapper.application; includeInIndex = 0; path = Tumolink2iOSClient.app; sourceTree = BUILT_PRODUCTS_DIR; };
		D1896E1B2390F30B004EC82A /* AppDelegate.swift */ = {isa = PBXFileReference; lastKnownFileType = sourcecode.swift; path = AppDelegate.swift; sourceTree = "<group>"; };
		D1896E1D2390F30B004EC82A /* HomeVC.swift */ = {isa = PBXFileReference; lastKnownFileType = sourcecode.swift; path = HomeVC.swift; sourceTree = "<group>"; };
		D1896E202390F30B004EC82A /* Base */ = {isa = PBXFileReference; lastKnownFileType = file.storyboard; name = Base; path = Base.lproj/Main.storyboard; sourceTree = "<group>"; };
		D1896E222390F30D004EC82A /* Assets.xcassets */ = {isa = PBXFileReference; lastKnownFileType = folder.assetcatalog; path = Assets.xcassets; sourceTree = "<group>"; };
		D1896E252390F30D004EC82A /* Base */ = {isa = PBXFileReference; lastKnownFileType = file.storyboard; name = Base; path = Base.lproj/LaunchScreen.storyboard; sourceTree = "<group>"; };
		D1896E272390F30D004EC82A /* Info.plist */ = {isa = PBXFileReference; lastKnownFileType = text.plist.xml; path = Info.plist; sourceTree = "<group>"; };
		D18D7F7A23A0806D0085B8B9 /* ForgotPasswordVC.swift */ = {isa = PBXFileReference; lastKnownFileType = sourcecode.swift; path = ForgotPasswordVC.swift; sourceTree = "<group>"; };
		D18D7F7B23A0806D0085B8B9 /* ForgotPasswordVC.xib */ = {isa = PBXFileReference; lastKnownFileType = file.xib; path = ForgotPasswordVC.xib; sourceTree = "<group>"; };
		D18D7F7E23A08D100085B8B9 /* Firebase+Utils.swift */ = {isa = PBXFileReference; lastKnownFileType = sourcecode.swift; path = "Firebase+Utils.swift"; sourceTree = "<group>"; };
		D1902D5B23A7639C00822D9D /* User.swift */ = {isa = PBXFileReference; lastKnownFileType = sourcecode.swift; path = User.swift; sourceTree = "<group>"; };
		D1902D5E23A7682300822D9D /* UserService.swift */ = {isa = PBXFileReference; lastKnownFileType = sourcecode.swift; path = UserService.swift; sourceTree = "<group>"; };
		D193677B2391FAE80000B652 /* LoginStoryboard.storyboard */ = {isa = PBXFileReference; lastKnownFileType = file.storyboard; path = LoginStoryboard.storyboard; sourceTree = "<group>"; };
		D1BBF96823A1D38D003C7D61 /* Home.storyboard */ = {isa = PBXFileReference; lastKnownFileType = file.storyboard; path = Home.storyboard; sourceTree = "<group>"; };
		D1BBF96A23A1D629003C7D61 /* MyPage.storyboard */ = {isa = PBXFileReference; lastKnownFileType = file.storyboard; path = MyPage.storyboard; sourceTree = "<group>"; };
		D1BBF96E23A22E12003C7D61 /* SpotCell.swift */ = {isa = PBXFileReference; lastKnownFileType = sourcecode.swift; path = SpotCell.swift; sourceTree = "<group>"; };
		D1BBF96F23A22E12003C7D61 /* SpotCell.xib */ = {isa = PBXFileReference; lastKnownFileType = file.xib; path = SpotCell.xib; sourceTree = "<group>"; };
		D1BBF97223A2330E003C7D61 /* Spot.swift */ = {isa = PBXFileReference; lastKnownFileType = sourcecode.swift; path = Spot.swift; sourceTree = "<group>"; };
		D1CC783B23A479C000CD9D7B /* Information.storyboard */ = {isa = PBXFileReference; lastKnownFileType = file.storyboard; path = Information.storyboard; sourceTree = "<group>"; };
		D1CC783D23A48BF000CD9D7B /* CreateSpotVC.swift */ = {isa = PBXFileReference; lastKnownFileType = sourcecode.swift; path = CreateSpotVC.swift; sourceTree = "<group>"; };
		D1D6DC4323B72E5900AAE0B5 /* AddTumoliVC.swift */ = {isa = PBXFileReference; lastKnownFileType = sourcecode.swift; path = AddTumoliVC.swift; sourceTree = "<group>"; };
		D1D6DC4423B72E5900AAE0B5 /* AddTumoliVC.xib */ = {isa = PBXFileReference; lastKnownFileType = file.xib; path = AddTumoliVC.xib; sourceTree = "<group>"; };
		D1E4C9F32394DCB700272C5F /* GoogleService-Info.plist */ = {isa = PBXFileReference; fileEncoding = 4; lastKnownFileType = text.plist.xml; path = "GoogleService-Info.plist"; sourceTree = "<group>"; };
		D1E4C9F92394E59200272C5F /* LoginVC.swift */ = {isa = PBXFileReference; lastKnownFileType = sourcecode.swift; path = LoginVC.swift; sourceTree = "<group>"; };
		D1E4C9FB2394E5B800272C5F /* RegisterVC.swift */ = {isa = PBXFileReference; lastKnownFileType = sourcecode.swift; path = RegisterVC.swift; sourceTree = "<group>"; };
		D1E4C9FE2394F2D900272C5F /* Extensions.swift */ = {isa = PBXFileReference; lastKnownFileType = sourcecode.swift; path = Extensions.swift; sourceTree = "<group>"; };
		D1E4CA002395084800272C5F /* Constants.swift */ = {isa = PBXFileReference; lastKnownFileType = sourcecode.swift; path = Constants.swift; sourceTree = "<group>"; };
		D1FF02FB23AA1D06003AD9D4 /* MyPageVC.swift */ = {isa = PBXFileReference; lastKnownFileType = sourcecode.swift; path = MyPageVC.swift; sourceTree = "<group>"; };
		D6830A79D55BA4E537A66ADC /* Pods_Tumolink2iOSClient.framework */ = {isa = PBXFileReference; explicitFileType = wrapper.framework; includeInIndex = 0; path = Pods_Tumolink2iOSClient.framework; sourceTree = BUILT_PRODUCTS_DIR; };
/* End PBXFileReference section */

/* Begin PBXFrameworksBuildPhase section */
		D1896E152390F30B004EC82A /* Frameworks */ = {
			isa = PBXFrameworksBuildPhase;
			buildActionMask = 2147483647;
			files = (
				79874AF417CC877D15F3DB11 /* Pods_Tumolink2iOSClient.framework in Frameworks */,
			);
			runOnlyForDeploymentPostprocessing = 0;
		};
/* End PBXFrameworksBuildPhase section */

/* Begin PBXGroup section */
		3B85193A53FFD833BFE88DBA /* Pods */ = {
			isa = PBXGroup;
			children = (
				790934C17713D698442F667E /* Pods-Tumolink2iOSClient.debug.xcconfig */,
				63344A8FDD8C1DFA9AAFE53E /* Pods-Tumolink2iOSClient.release.xcconfig */,
			);
			path = Pods;
			sourceTree = "<group>";
		};
		91AA40D07DB6698E862E573F /* Frameworks */ = {
			isa = PBXGroup;
			children = (
				D6830A79D55BA4E537A66ADC /* Pods_Tumolink2iOSClient.framework */,
			);
			name = Frameworks;
			sourceTree = "<group>";
		};
		D1896E0F2390F30B004EC82A = {
			isa = PBXGroup;
			children = (
				D1896E1A2390F30B004EC82A /* Tumolink2iOSClient */,
				D1896E192390F30B004EC82A /* Products */,
				3B85193A53FFD833BFE88DBA /* Pods */,
				91AA40D07DB6698E862E573F /* Frameworks */,
			);
			sourceTree = "<group>";
		};
		D1896E192390F30B004EC82A /* Products */ = {
			isa = PBXGroup;
			children = (
				D1896E182390F30B004EC82A /* Tumolink2iOSClient.app */,
			);
			name = Products;
			sourceTree = "<group>";
		};
		D1896E1A2390F30B004EC82A /* Tumolink2iOSClient */ = {
			isa = PBXGroup;
			children = (
				D18D7F7923A0803C0085B8B9 /* XIBs */,
				D1E4C9FD2394F2C000272C5F /* Utils */,
				D1E4C9F72394E50300272C5F /* Model */,
				D1902D5D23A767DE00822D9D /* Services */,
				D1E4C9F62394E4F300272C5F /* View */,
				D1E4C9F52394E4E000272C5F /* Controller */,
				D1E4C9F82394E50D00272C5F /* Storyboards */,
				D1896E222390F30D004EC82A /* Assets.xcassets */,
				D1E4C9F32394DCB700272C5F /* GoogleService-Info.plist */,
				D1896E272390F30D004EC82A /* Info.plist */,
			);
			path = Tumolink2iOSClient;
			sourceTree = "<group>";
		};
		D18D7F7923A0803C0085B8B9 /* XIBs */ = {
			isa = PBXGroup;
			children = (
				D18D7F7A23A0806D0085B8B9 /* ForgotPasswordVC.swift */,
				D18D7F7B23A0806D0085B8B9 /* ForgotPasswordVC.xib */,
				D1BBF96E23A22E12003C7D61 /* SpotCell.swift */,
				D1BBF96F23A22E12003C7D61 /* SpotCell.xib */,
				D14E3E6823A3659200978AFC /* SpotImageCell.swift */,
				D14E3E6923A3659200978AFC /* SpotImageCell.xib */,
				D15EABEF23B3501400A42D5D /* TumoliCell.swift */,
				D15EABF023B3501400A42D5D /* TumoliCell.xib */,
				D1D6DC4323B72E5900AAE0B5 /* AddTumoliVC.swift */,
				D1D6DC4423B72E5900AAE0B5 /* AddTumoliVC.xib */,
			);
			path = XIBs;
			sourceTree = "<group>";
		};
		D1902D5D23A767DE00822D9D /* Services */ = {
			isa = PBXGroup;
			children = (
				D1902D5E23A7682300822D9D /* UserService.swift */,
			);
			path = Services;
			sourceTree = "<group>";
		};
		D1E4C9F52394E4E000272C5F /* Controller */ = {
			isa = PBXGroup;
			children = (
				D1E4C9F92394E59200272C5F /* LoginVC.swift */,
				D1E4C9FB2394E5B800272C5F /* RegisterVC.swift */,
				D1896E1D2390F30B004EC82A /* HomeVC.swift */,
				D14E3E6623A35ACF00978AFC /* SpotVC.swift */,
				D1CC783D23A48BF000CD9D7B /* CreateSpotVC.swift */,
				D1FF02FB23AA1D06003AD9D4 /* MyPageVC.swift */,
				D116B52E23ACC5F7006CBB3A /* EditUserVC.swift */,
				D114A6B723AF658700EE0B2E /* DeleteUserVC.swift */,
				D1896E1B2390F30B004EC82A /* AppDelegate.swift */,
			);
			path = Controller;
			sourceTree = "<group>";
		};
		D1E4C9F62394E4F300272C5F /* View */ = {
			isa = PBXGroup;
			children = (
				D118083F23969E87006EA889 /* RoundedViews.swift */,
				D114A6B923AFA60200EE0B2E /* CircleViews.swift */,
			);
			path = View;
			sourceTree = "<group>";
		};
		D1E4C9F72394E50300272C5F /* Model */ = {
			isa = PBXGroup;
			children = (
				D1BBF97223A2330E003C7D61 /* Spot.swift */,
				D1902D5B23A7639C00822D9D /* User.swift */,
				D15EABF323B352B300A42D5D /* Tumoli.swift */,
				D129CE5B23C56DEF003ACEE2 /* SpotUser.swift */,
				D129CE5923C4152E003ACEE2 /* Information.swift */,
			);
			path = Model;
			sourceTree = "<group>";
		};
		D1E4C9F82394E50D00272C5F /* Storyboards */ = {
			isa = PBXGroup;
			children = (
				D193677B2391FAE80000B652 /* LoginStoryboard.storyboard */,
				D1BBF96823A1D38D003C7D61 /* Home.storyboard */,
				D1CC783B23A479C000CD9D7B /* Information.storyboard */,
				D1BBF96A23A1D629003C7D61 /* MyPage.storyboard */,
				D1896E1F2390F30B004EC82A /* Main.storyboard */,
				D1896E242390F30D004EC82A /* LaunchScreen.storyboard */,
			);
			path = Storyboards;
			sourceTree = "<group>";
		};
		D1E4C9FD2394F2C000272C5F /* Utils */ = {
			isa = PBXGroup;
			children = (
				D1E4C9FE2394F2D900272C5F /* Extensions.swift */,
				D1E4CA002395084800272C5F /* Constants.swift */,
				D18D7F7E23A08D100085B8B9 /* Firebase+Utils.swift */,
			);
			path = Utils;
			sourceTree = "<group>";
		};
/* End PBXGroup section */

/* Begin PBXNativeTarget section */
		D1896E172390F30B004EC82A /* Tumolink2iOSClient */ = {
			isa = PBXNativeTarget;
			buildConfigurationList = D1896E2A2390F30D004EC82A /* Build configuration list for PBXNativeTarget "Tumolink2iOSClient" */;
			buildPhases = (
				B4CEEEC88603B1D06D937F2F /* [CP] Check Pods Manifest.lock */,
				D1896E142390F30B004EC82A /* Sources */,
				D1896E152390F30B004EC82A /* Frameworks */,
				D1896E162390F30B004EC82A /* Resources */,
				2D106630FB99D4ED842B529F /* [CP] Embed Pods Frameworks */,
			);
			buildRules = (
			);
			dependencies = (
			);
			name = Tumolink2iOSClient;
			productName = Tumolink2iOSClient;
			productReference = D1896E182390F30B004EC82A /* Tumolink2iOSClient.app */;
			productType = "com.apple.product-type.application";
		};
/* End PBXNativeTarget section */

/* Begin PBXProject section */
		D1896E102390F30B004EC82A /* Project object */ = {
			isa = PBXProject;
			attributes = {
				LastSwiftUpdateCheck = 1030;
				LastUpgradeCheck = 1030;
				ORGANIZATIONNAME = YoheiTerashima;
				TargetAttributes = {
					D1896E172390F30B004EC82A = {
						CreatedOnToolsVersion = 10.3;
					};
				};
			};
			buildConfigurationList = D1896E132390F30B004EC82A /* Build configuration list for PBXProject "Tumolink2iOSClient" */;
			compatibilityVersion = "Xcode 9.3";
			developmentRegion = en;
			hasScannedForEncodings = 0;
			knownRegions = (
				en,
				Base,
			);
			mainGroup = D1896E0F2390F30B004EC82A;
			productRefGroup = D1896E192390F30B004EC82A /* Products */;
			projectDirPath = "";
			projectRoot = "";
			targets = (
				D1896E172390F30B004EC82A /* Tumolink2iOSClient */,
			);
		};
/* End PBXProject section */

/* Begin PBXResourcesBuildPhase section */
		D1896E162390F30B004EC82A /* Resources */ = {
			isa = PBXResourcesBuildPhase;
			buildActionMask = 2147483647;
			files = (
				D1BBF96923A1D38D003C7D61 /* Home.storyboard in Resources */,
				D15EABF223B3501400A42D5D /* TumoliCell.xib in Resources */,
				D1896E262390F30D004EC82A /* LaunchScreen.storyboard in Resources */,
				D1BBF97123A22E12003C7D61 /* SpotCell.xib in Resources */,
				D1CC783C23A479C000CD9D7B /* Information.storyboard in Resources */,
				D1896E232390F30D004EC82A /* Assets.xcassets in Resources */,
				D1BBF96B23A1D629003C7D61 /* MyPage.storyboard in Resources */,
				D14E3E6B23A3659200978AFC /* SpotImageCell.xib in Resources */,
				D1E4C9F42394DCB700272C5F /* GoogleService-Info.plist in Resources */,
				D1896E212390F30B004EC82A /* Main.storyboard in Resources */,
				D1D6DC4623B72E5900AAE0B5 /* AddTumoliVC.xib in Resources */,
				D18D7F7D23A0806D0085B8B9 /* ForgotPasswordVC.xib in Resources */,
				D193677C2391FAE80000B652 /* LoginStoryboard.storyboard in Resources */,
			);
			runOnlyForDeploymentPostprocessing = 0;
		};
/* End PBXResourcesBuildPhase section */

/* Begin PBXShellScriptBuildPhase section */
		2D106630FB99D4ED842B529F /* [CP] Embed Pods Frameworks */ = {
			isa = PBXShellScriptBuildPhase;
			buildActionMask = 2147483647;
			files = (
			);
			inputFileListPaths = (
			);
			inputPaths = (
				"${PODS_ROOT}/Target Support Files/Pods-Tumolink2iOSClient/Pods-Tumolink2iOSClient-frameworks.sh",
				"${BUILT_PRODUCTS_DIR}/BoringSSL-GRPC/openssl_grpc.framework",
				"${BUILT_PRODUCTS_DIR}/GTMSessionFetcher/GTMSessionFetcher.framework",
				"${BUILT_PRODUCTS_DIR}/GoogleUtilities/GoogleUtilities.framework",
				"${BUILT_PRODUCTS_DIR}/IQKeyboardManagerSwift/IQKeyboardManagerSwift.framework",
				"${BUILT_PRODUCTS_DIR}/Kingfisher/Kingfisher.framework",
				"${BUILT_PRODUCTS_DIR}/Protobuf/protobuf.framework",
				"${BUILT_PRODUCTS_DIR}/gRPC-C++/grpcpp.framework",
				"${BUILT_PRODUCTS_DIR}/gRPC-Core/grpc.framework",
				"${BUILT_PRODUCTS_DIR}/leveldb-library/leveldb.framework",
				"${BUILT_PRODUCTS_DIR}/nanopb/nanopb.framework",
			);
			name = "[CP] Embed Pods Frameworks";
			outputFileListPaths = (
			);
			outputPaths = (
				"${TARGET_BUILD_DIR}/${FRAMEWORKS_FOLDER_PATH}/openssl_grpc.framework",
				"${TARGET_BUILD_DIR}/${FRAMEWORKS_FOLDER_PATH}/GTMSessionFetcher.framework",
				"${TARGET_BUILD_DIR}/${FRAMEWORKS_FOLDER_PATH}/GoogleUtilities.framework",
				"${TARGET_BUILD_DIR}/${FRAMEWORKS_FOLDER_PATH}/IQKeyboardManagerSwift.framework",
				"${TARGET_BUILD_DIR}/${FRAMEWORKS_FOLDER_PATH}/Kingfisher.framework",
				"${TARGET_BUILD_DIR}/${FRAMEWORKS_FOLDER_PATH}/protobuf.framework",
				"${TARGET_BUILD_DIR}/${FRAMEWORKS_FOLDER_PATH}/grpcpp.framework",
				"${TARGET_BUILD_DIR}/${FRAMEWORKS_FOLDER_PATH}/grpc.framework",
				"${TARGET_BUILD_DIR}/${FRAMEWORKS_FOLDER_PATH}/leveldb.framework",
				"${TARGET_BUILD_DIR}/${FRAMEWORKS_FOLDER_PATH}/nanopb.framework",
			);
			runOnlyForDeploymentPostprocessing = 0;
			shellPath = /bin/sh;
			shellScript = "\"${PODS_ROOT}/Target Support Files/Pods-Tumolink2iOSClient/Pods-Tumolink2iOSClient-frameworks.sh\"\n";
			showEnvVarsInLog = 0;
		};
		B4CEEEC88603B1D06D937F2F /* [CP] Check Pods Manifest.lock */ = {
			isa = PBXShellScriptBuildPhase;
			buildActionMask = 2147483647;
			files = (
			);
			inputFileListPaths = (
			);
			inputPaths = (
				"${PODS_PODFILE_DIR_PATH}/Podfile.lock",
				"${PODS_ROOT}/Manifest.lock",
			);
			name = "[CP] Check Pods Manifest.lock";
			outputFileListPaths = (
			);
			outputPaths = (
				"$(DERIVED_FILE_DIR)/Pods-Tumolink2iOSClient-checkManifestLockResult.txt",
			);
			runOnlyForDeploymentPostprocessing = 0;
			shellPath = /bin/sh;
			shellScript = "diff \"${PODS_PODFILE_DIR_PATH}/Podfile.lock\" \"${PODS_ROOT}/Manifest.lock\" > /dev/null\nif [ $? != 0 ] ; then\n    # print error to STDERR\n    echo \"error: The sandbox is not in sync with the Podfile.lock. Run 'pod install' or update your CocoaPods installation.\" >&2\n    exit 1\nfi\n# This output is used by Xcode 'outputs' to avoid re-running this script phase.\necho \"SUCCESS\" > \"${SCRIPT_OUTPUT_FILE_0}\"\n";
			showEnvVarsInLog = 0;
		};
/* End PBXShellScriptBuildPhase section */

/* Begin PBXSourcesBuildPhase section */
		D1896E142390F30B004EC82A /* Sources */ = {
			isa = PBXSourcesBuildPhase;
			buildActionMask = 2147483647;
			files = (
				D114A6BA23AFA60200EE0B2E /* CircleViews.swift in Sources */,
				D18D7F7F23A08D100085B8B9 /* Firebase+Utils.swift in Sources */,
				D1E4C9FF2394F2D900272C5F /* Extensions.swift in Sources */,
				D15EABF423B352B300A42D5D /* Tumoli.swift in Sources */,
				D1896E1E2390F30B004EC82A /* HomeVC.swift in Sources */,
				D14E3E6A23A3659200978AFC /* SpotImageCell.swift in Sources */,
				D1E4C9FC2394E5B800272C5F /* RegisterVC.swift in Sources */,
				D1896E1C2390F30B004EC82A /* AppDelegate.swift in Sources */,
				D118084023969E87006EA889 /* RoundedViews.swift in Sources */,
				D116B52F23ACC5F8006CBB3A /* EditUserVC.swift in Sources */,
				D1D6DC4523B72E5900AAE0B5 /* AddTumoliVC.swift in Sources */,
				D1E4C9FA2394E59200272C5F /* LoginVC.swift in Sources */,
				D1902D5C23A7639C00822D9D /* User.swift in Sources */,
				D18D7F7C23A0806D0085B8B9 /* ForgotPasswordVC.swift in Sources */,
				D1BBF97323A2330E003C7D61 /* Spot.swift in Sources */,
				D1FF02FC23AA1D06003AD9D4 /* MyPageVC.swift in Sources */,
				D1E4CA012395084800272C5F /* Constants.swift in Sources */,
				D114A6B823AF658700EE0B2E /* DeleteUserVC.swift in Sources */,
				D129CE5A23C4152E003ACEE2 /* Information.swift in Sources */,
				D1902D5F23A7682300822D9D /* UserService.swift in Sources */,
				D129CE5C23C56DEF003ACEE2 /* SpotUser.swift in Sources */,
				D15EABF123B3501400A42D5D /* TumoliCell.swift in Sources */,
				D14E3E6723A35ACF00978AFC /* SpotVC.swift in Sources */,
				D1CC783E23A48BF000CD9D7B /* CreateSpotVC.swift in Sources */,
				D1BBF97023A22E12003C7D61 /* SpotCell.swift in Sources */,
			);
			runOnlyForDeploymentPostprocessing = 0;
		};
/* End PBXSourcesBuildPhase section */

/* Begin PBXVariantGroup section */
		D1896E1F2390F30B004EC82A /* Main.storyboard */ = {
			isa = PBXVariantGroup;
			children = (
				D1896E202390F30B004EC82A /* Base */,
			);
			name = Main.storyboard;
			sourceTree = "<group>";
		};
		D1896E242390F30D004EC82A /* LaunchScreen.storyboard */ = {
			isa = PBXVariantGroup;
			children = (
				D1896E252390F30D004EC82A /* Base */,
			);
			name = LaunchScreen.storyboard;
			sourceTree = "<group>";
		};
/* End PBXVariantGroup section */

/* Begin XCBuildConfiguration section */
		D1896E282390F30D004EC82A /* Debug */ = {
			isa = XCBuildConfiguration;
			buildSettings = {
				ALWAYS_SEARCH_USER_PATHS = NO;
				CLANG_ANALYZER_NONNULL = YES;
				CLANG_ANALYZER_NUMBER_OBJECT_CONVERSION = YES_AGGRESSIVE;
				CLANG_CXX_LANGUAGE_STANDARD = "gnu++14";
				CLANG_CXX_LIBRARY = "libc++";
				CLANG_ENABLE_MODULES = YES;
				CLANG_ENABLE_OBJC_ARC = YES;
				CLANG_ENABLE_OBJC_WEAK = YES;
				CLANG_WARN_BLOCK_CAPTURE_AUTORELEASING = YES;
				CLANG_WARN_BOOL_CONVERSION = YES;
				CLANG_WARN_COMMA = YES;
				CLANG_WARN_CONSTANT_CONVERSION = YES;
				CLANG_WARN_DEPRECATED_OBJC_IMPLEMENTATIONS = YES;
				CLANG_WARN_DIRECT_OBJC_ISA_USAGE = YES_ERROR;
				CLANG_WARN_DOCUMENTATION_COMMENTS = YES;
				CLANG_WARN_EMPTY_BODY = YES;
				CLANG_WARN_ENUM_CONVERSION = YES;
				CLANG_WARN_INFINITE_RECURSION = YES;
				CLANG_WARN_INT_CONVERSION = YES;
				CLANG_WARN_NON_LITERAL_NULL_CONVERSION = YES;
				CLANG_WARN_OBJC_IMPLICIT_RETAIN_SELF = YES;
				CLANG_WARN_OBJC_LITERAL_CONVERSION = YES;
				CLANG_WARN_OBJC_ROOT_CLASS = YES_ERROR;
				CLANG_WARN_RANGE_LOOP_ANALYSIS = YES;
				CLANG_WARN_STRICT_PROTOTYPES = YES;
				CLANG_WARN_SUSPICIOUS_MOVE = YES;
				CLANG_WARN_UNGUARDED_AVAILABILITY = YES_AGGRESSIVE;
				CLANG_WARN_UNREACHABLE_CODE = YES;
				CLANG_WARN__DUPLICATE_METHOD_MATCH = YES;
				CODE_SIGN_IDENTITY = "iPhone Developer";
				COPY_PHASE_STRIP = NO;
				DEBUG_INFORMATION_FORMAT = dwarf;
				ENABLE_STRICT_OBJC_MSGSEND = YES;
				ENABLE_TESTABILITY = YES;
				GCC_C_LANGUAGE_STANDARD = gnu11;
				GCC_DYNAMIC_NO_PIC = NO;
				GCC_NO_COMMON_BLOCKS = YES;
				GCC_OPTIMIZATION_LEVEL = 0;
				GCC_PREPROCESSOR_DEFINITIONS = (
					"DEBUG=1",
					"$(inherited)",
				);
				GCC_WARN_64_TO_32_BIT_CONVERSION = YES;
				GCC_WARN_ABOUT_RETURN_TYPE = YES_ERROR;
				GCC_WARN_UNDECLARED_SELECTOR = YES;
				GCC_WARN_UNINITIALIZED_AUTOS = YES_AGGRESSIVE;
				GCC_WARN_UNUSED_FUNCTION = YES;
				GCC_WARN_UNUSED_VARIABLE = YES;
				IPHONEOS_DEPLOYMENT_TARGET = 12.4;
				MTL_ENABLE_DEBUG_INFO = INCLUDE_SOURCE;
				MTL_FAST_MATH = YES;
				ONLY_ACTIVE_ARCH = YES;
				SDKROOT = iphoneos;
				SWIFT_ACTIVE_COMPILATION_CONDITIONS = DEBUG;
				SWIFT_OPTIMIZATION_LEVEL = "-Onone";
			};
			name = Debug;
		};
		D1896E292390F30D004EC82A /* Release */ = {
			isa = XCBuildConfiguration;
			buildSettings = {
				ALWAYS_SEARCH_USER_PATHS = NO;
				CLANG_ANALYZER_NONNULL = YES;
				CLANG_ANALYZER_NUMBER_OBJECT_CONVERSION = YES_AGGRESSIVE;
				CLANG_CXX_LANGUAGE_STANDARD = "gnu++14";
				CLANG_CXX_LIBRARY = "libc++";
				CLANG_ENABLE_MODULES = YES;
				CLANG_ENABLE_OBJC_ARC = YES;
				CLANG_ENABLE_OBJC_WEAK = YES;
				CLANG_WARN_BLOCK_CAPTURE_AUTORELEASING = YES;
				CLANG_WARN_BOOL_CONVERSION = YES;
				CLANG_WARN_COMMA = YES;
				CLANG_WARN_CONSTANT_CONVERSION = YES;
				CLANG_WARN_DEPRECATED_OBJC_IMPLEMENTATIONS = YES;
				CLANG_WARN_DIRECT_OBJC_ISA_USAGE = YES_ERROR;
				CLANG_WARN_DOCUMENTATION_COMMENTS = YES;
				CLANG_WARN_EMPTY_BODY = YES;
				CLANG_WARN_ENUM_CONVERSION = YES;
				CLANG_WARN_INFINITE_RECURSION = YES;
				CLANG_WARN_INT_CONVERSION = YES;
				CLANG_WARN_NON_LITERAL_NULL_CONVERSION = YES;
				CLANG_WARN_OBJC_IMPLICIT_RETAIN_SELF = YES;
				CLANG_WARN_OBJC_LITERAL_CONVERSION = YES;
				CLANG_WARN_OBJC_ROOT_CLASS = YES_ERROR;
				CLANG_WARN_RANGE_LOOP_ANALYSIS = YES;
				CLANG_WARN_STRICT_PROTOTYPES = YES;
				CLANG_WARN_SUSPICIOUS_MOVE = YES;
				CLANG_WARN_UNGUARDED_AVAILABILITY = YES_AGGRESSIVE;
				CLANG_WARN_UNREACHABLE_CODE = YES;
				CLANG_WARN__DUPLICATE_METHOD_MATCH = YES;
				CODE_SIGN_IDENTITY = "iPhone Developer";
				COPY_PHASE_STRIP = NO;
				DEBUG_INFORMATION_FORMAT = "dwarf-with-dsym";
				ENABLE_NS_ASSERTIONS = NO;
				ENABLE_STRICT_OBJC_MSGSEND = YES;
				GCC_C_LANGUAGE_STANDARD = gnu11;
				GCC_NO_COMMON_BLOCKS = YES;
				GCC_WARN_64_TO_32_BIT_CONVERSION = YES;
				GCC_WARN_ABOUT_RETURN_TYPE = YES_ERROR;
				GCC_WARN_UNDECLARED_SELECTOR = YES;
				GCC_WARN_UNINITIALIZED_AUTOS = YES_AGGRESSIVE;
				GCC_WARN_UNUSED_FUNCTION = YES;
				GCC_WARN_UNUSED_VARIABLE = YES;
				IPHONEOS_DEPLOYMENT_TARGET = 12.4;
				MTL_ENABLE_DEBUG_INFO = NO;
				MTL_FAST_MATH = YES;
				SDKROOT = iphoneos;
				SWIFT_COMPILATION_MODE = wholemodule;
				SWIFT_OPTIMIZATION_LEVEL = "-O";
				VALIDATE_PRODUCT = YES;
			};
			name = Release;
		};
		D1896E2B2390F30D004EC82A /* Debug */ = {
			isa = XCBuildConfiguration;
			baseConfigurationReference = 790934C17713D698442F667E /* Pods-Tumolink2iOSClient.debug.xcconfig */;
			buildSettings = {
				ASSETCATALOG_COMPILER_APPICON_NAME = AppIcon;
				CODE_SIGN_STYLE = Automatic;
				DEVELOPMENT_TEAM = DCYC29YYSD;
				INFOPLIST_FILE = Tumolink2iOSClient/Info.plist;
				IPHONEOS_DEPLOYMENT_TARGET = 10.0;
				LD_RUNPATH_SEARCH_PATHS = (
					"$(inherited)",
					"@executable_path/Frameworks",
				);
				PRODUCT_BUNDLE_IDENTIFIER = com.yoheiterashima.Tumolink2iOSClient;
				PRODUCT_NAME = "$(TARGET_NAME)";
				SWIFT_VERSION = 5.0;
				TARGETED_DEVICE_FAMILY = "1,2";
			};
			name = Debug;
		};
		D1896E2C2390F30D004EC82A /* Release */ = {
			isa = XCBuildConfiguration;
			baseConfigurationReference = 63344A8FDD8C1DFA9AAFE53E /* Pods-Tumolink2iOSClient.release.xcconfig */;
			buildSettings = {
				ASSETCATALOG_COMPILER_APPICON_NAME = AppIcon;
				CODE_SIGN_STYLE = Automatic;
				DEVELOPMENT_TEAM = DCYC29YYSD;
				INFOPLIST_FILE = Tumolink2iOSClient/Info.plist;
				IPHONEOS_DEPLOYMENT_TARGET = 10.0;
				LD_RUNPATH_SEARCH_PATHS = (
					"$(inherited)",
					"@executable_path/Frameworks",
				);
				PRODUCT_BUNDLE_IDENTIFIER = com.yoheiterashima.Tumolink2iOSClient;
				PRODUCT_NAME = "$(TARGET_NAME)";
				SWIFT_VERSION = 5.0;
				TARGETED_DEVICE_FAMILY = "1,2";
			};
			name = Release;
		};
/* End XCBuildConfiguration section */

/* Begin XCConfigurationList section */
		D1896E132390F30B004EC82A /* Build configuration list for PBXProject "Tumolink2iOSClient" */ = {
			isa = XCConfigurationList;
			buildConfigurations = (
				D1896E282390F30D004EC82A /* Debug */,
				D1896E292390F30D004EC82A /* Release */,
			);
			defaultConfigurationIsVisible = 0;
			defaultConfigurationName = Release;
		};
		D1896E2A2390F30D004EC82A /* Build configuration list for PBXNativeTarget "Tumolink2iOSClient" */ = {
			isa = XCConfigurationList;
			buildConfigurations = (
				D1896E2B2390F30D004EC82A /* Debug */,
				D1896E2C2390F30D004EC82A /* Release */,
			);
			defaultConfigurationIsVisible = 0;
			defaultConfigurationName = Release;
		};
/* End XCConfigurationList section */
	};
	rootObject = D1896E102390F30B004EC82A /* Project object */;
}
